<?xml version="1.0" encoding="utf-8"?>
<Project ToolsVersion="Current" xmlns="http://schemas.microsoft.com/developer/msbuild/2003">
  <ItemGroup>
    <ClCompile Include="$(MSBuildThisFileDirectory)Application.cpp" />
    <ClCompile Include="$(MSBuildThisFileDirectory)GameInput.cpp" />
    <ClCompile Include="$(MSBuildThisFileDirectory)GameObject.cpp" />
    <ClCompile Include="$(MSBuildThisFileDirectory)GamePlayer.cpp" />
    <ClCompile Include="$(MSBuildThisFileDirectory)GameTime.cpp" />
    <ClCompile Include="$(MSBuildThisFileDirectory)PlayScene.cpp">
      <Filter>Scene</Filter>
    </ClCompile>
    <ClCompile Include="$(MSBuildThisFileDirectory)Scene.cpp">
      <Filter>Scene</Filter>
    </ClCompile>
    <ClCompile Include="$(MSBuildThisFileDirectory)SceneManager.cpp">
      <Filter>Scene</Filter>
    </ClCompile>
    <ClCompile Include="$(MSBuildThisFileDirectory)TitleScene.cpp">
      <Filter>Scene</Filter>
    </ClCompile>
    <ClCompile Include="$(MSBuildThisFileDirectory)Entity.cpp">
      <Filter>Scene</Filter>
    </ClCompile>
    <ClCompile Include="$(MSBuildThisFileDirectory)Component.cpp">
      <Filter>Component</Filter>
    </ClCompile>
    <ClCompile Include="$(MSBuildThisFileDirectory)SpriteRenderer.cpp">
      <Filter>Component</Filter>
    </ClCompile>
    <ClCompile Include="$(MSBuildThisFileDirectory)Transform.cpp">
      <Filter>Component</Filter>
    </ClCompile>
  </ItemGroup>
  <ItemGroup>
    <ClInclude Include="$(MSBuildThisFileDirectory)Application.h" />
    <ClInclude Include="$(MSBuildThisFileDirectory)GameInput.h" />
    <ClInclude Include="$(MSBuildThisFileDirectory)GameObject.h" />
    <ClInclude Include="$(MSBuildThisFileDirectory)GamePlayer.h" />
    <ClInclude Include="$(MSBuildThisFileDirectory)GameTime.h" />
    <ClInclude Include="$(MSBuildThisFileDirectory)PlayScene.h">
      <Filter>Scene</Filter>
    </ClInclude>
    <ClInclude Include="$(MSBuildThisFileDirectory)Scene.h">
      <Filter>Scene</Filter>
    </ClInclude>
    <ClInclude Include="$(MSBuildThisFileDirectory)SceneManager.h">
      <Filter>Scene</Filter>
    </ClInclude>
    <ClInclude Include="$(MSBuildThisFileDirectory)TitleScene.h">
      <Filter>Scene</Filter>
    </ClInclude>
    <ClInclude Include="$(MSBuildThisFileDirectory)LoadScene.h">
      <Filter>Scene</Filter>
    </ClInclude>
    <ClInclude Include="$(MSBuildThisFileDirectory)CommonInclude.h">
      <Filter>pch</Filter>
    </ClInclude>
    <ClInclude Include="$(MSBuildThisFileDirectory)Entity.h">
      <Filter>Scene</Filter>
    </ClInclude>
    <ClInclude Include="$(MSBuildThisFileDirectory)Component.h">
      <Filter>Component</Filter>
    </ClInclude>
    <ClInclude Include="$(MSBuildThisFileDirectory)SpriteRenderer.h">
      <Filter>Component</Filter>
    </ClInclude>
    <ClInclude Include="$(MSBuildThisFileDirectory)Transform.h">
      <Filter>Component</Filter>
    </ClInclude>
  </ItemGroup>
  <ItemGroup>
    <Filter Include="Scene">
      <UniqueIdentifier>{2e93edb7-c163-4a10-a3a2-b06513fc6119}</UniqueIdentifier>
    </Filter>
    <Filter Include="Resource">
      <UniqueIdentifier>{ac00ea97-b349-46fa-a97f-0729a1170ba9}</UniqueIdentifier>
    </Filter>
    <Filter Include="pch">
      <UniqueIdentifier>{ff7ece64-2add-4d28-b8ac-2337c80e3719}</UniqueIdentifier>
    </Filter>
    <Filter Include="Component">
      <UniqueIdentifier>{e5e1f4c5-35eb-40e6-9f40-8f8cf88422ac}</UniqueIdentifier>
    </Filter>
  </ItemGroup>
  <ItemGroup>
    <Image Include="$(MSBuildThisFileDirectory)..\..\..\Users\hsh99\OneDrive\바탕 화면\api자료\Title\ParnoramaBackground.png">
      <Filter>Resource</Filter>
    </Image>
    <Image Include="$(MSBuildThisFileDirectory)..\..\..\Users\hsh99\OneDrive\바탕 화면\api자료\Title\Title.png">
      <Filter>Resource</Filter>
    </Image>
    <Image Include="$(MSBuildThisFileDirectory)..\..\..\Users\hsh99\OneDrive\바탕 화면\api자료\Title\TitleScreen.png">
      <Filter>Resource</Filter>
    </Image>
  </ItemGroup>
</Project>