<?xml version="1.0" encoding="utf-8"?>
<Project ToolsVersion="4.0" xmlns="http://schemas.microsoft.com/developer/msbuild/2003">
  <ItemGroup>
    <Filter Include="Scene">
      <UniqueIdentifier>{2f040f7a-61b2-4665-888c-78ea4417a7b4}</UniqueIdentifier>
    </Filter>
    <Filter Include="Script">
      <UniqueIdentifier>{b3bdea78-bcfa-4cfc-9a23-ab47639eaeb6}</UniqueIdentifier>
    </Filter>
    <Filter Include="NPC">
      <UniqueIdentifier>{d395c4aa-1ef0-4cdf-b9ec-d975b03b42ea}</UniqueIdentifier>
    </Filter>
    <Filter Include="Player">
      <UniqueIdentifier>{f8a59538-0bd2-470f-9375-17dcec1f7bd3}</UniqueIdentifier>
    </Filter>
    <Filter Include="Tile">
      <UniqueIdentifier>{5869ee88-836d-4854-8d90-7e67a026fd10}</UniqueIdentifier>
    </Filter>
  </ItemGroup>
  <ItemGroup>
    <ClInclude Include="..\SeungHyeEngine_SOURCE\GamePlayer.h">
      <Filter>Player</Filter>
    </ClInclude>
    <ClInclude Include="..\SeungHyeEngine_SOURCE\PlayerScript.h">
      <Filter>Script</Filter>
    </ClInclude>
    <ClInclude Include="..\SeungHyeEngine_SOURCE\PlayScene.h">
      <Filter>Scene</Filter>
    </ClInclude>
    <ClInclude Include="..\SeungHyeEngine_SOURCE\LoadScene.h">
      <Filter>Scene</Filter>
    </ClInclude>
    <ClInclude Include="..\SeungHyeEngine_SOURCE\TitleScene.h">
      <Filter>Scene</Filter>
    </ClInclude>
    <ClInclude Include="..\SeungHyeEngine_SOURCE\LoadResources.h" />
    <ClInclude Include="CatScript.h">
      <Filter>Script</Filter>
    </ClInclude>
    <ClInclude Include="Cat.h">
      <Filter>NPC</Filter>
    </ClInclude>
    <ClInclude Include="ToolScene.h">
      <Filter>Scene</Filter>
    </ClInclude>
    <ClInclude Include="Tile.h">
      <Filter>Tile</Filter>
    </ClInclude>
    <ClInclude Include="BusStopScene.h">
      <Filter>Scene</Filter>
    </ClInclude>
  </ItemGroup>
  <ItemGroup>
    <ClCompile Include="..\SeungHyeEngine_SOURCE\GamePlayer.cpp">
      <Filter>Player</Filter>
    </ClCompile>
    <ClCompile Include="..\SeungHyeEngine_SOURCE\PlayerScript.cpp">
      <Filter>Script</Filter>
    </ClCompile>
    <ClCompile Include="..\SeungHyeEngine_SOURCE\PlayScene.cpp">
      <Filter>Scene</Filter>
    </ClCompile>
    <ClCompile Include="..\SeungHyeEngine_SOURCE\TitleScene.cpp">
      <Filter>Scene</Filter>
    </ClCompile>
    <ClCompile Include="..\SeungHyeEngine_SOURCE\LoadScene.cpp">
      <Filter>Scene</Filter>
    </ClCompile>
    <ClCompile Include="CatScript.cpp">
      <Filter>Script</Filter>
    </ClCompile>
    <ClCompile Include="Cat.cpp">
      <Filter>NPC</Filter>
    </ClCompile>
    <ClCompile Include="ToolScene.cpp">
      <Filter>Scene</Filter>
    </ClCompile>
    <ClCompile Include="Tile.cpp">
      <Filter>Tile</Filter>
    </ClCompile>
    <ClCompile Include="BusStopScene.cpp">
      <Filter>Scene</Filter>
    </ClCompile>
  </ItemGroup>
</Project>