<?xml version="1.0" encoding="utf-8"?>
<Project ToolsVersion="4.0" xmlns="http://schemas.microsoft.com/developer/msbuild/2003">
  <ItemGroup>
    <Filter Include="Contents">
      <UniqueIdentifier>{f8a59538-0bd2-470f-9375-17dcec1f7bd3}</UniqueIdentifier>
    </Filter>
    <Filter Include="Scene">
      <UniqueIdentifier>{2f040f7a-61b2-4665-888c-78ea4417a7b4}</UniqueIdentifier>
    </Filter>
    <Filter Include="Script">
      <UniqueIdentifier>{b3bdea78-bcfa-4cfc-9a23-ab47639eaeb6}</UniqueIdentifier>
    </Filter>
  </ItemGroup>
  <ItemGroup>
    <ClInclude Include="..\SeungHyeEngine_SOURCE\GamePlayer.h">
      <Filter>Contents</Filter>
    </ClInclude>
    <ClInclude Include="..\SeungHyeEngine_SOURCE\PlayerScript.h">
      <Filter>Script</Filter>
    </ClInclude>
    <ClInclude Include="..\SeungHyeEngine_SOURCE\PlayScene.h">
      <Filter>Scene</Filter>
    </ClInclude>
    <ClInclude Include="..\SeungHyeEngine_SOURCE\LoadingScene.h">
      <Filter>Scene</Filter>
    </ClInclude>
    <ClInclude Include="..\SeungHyeEngine_SOURCE\LoadScene.h">
      <Filter>Scene</Filter>
    </ClInclude>
    <ClInclude Include="..\SeungHyeEngine_SOURCE\TitleScene.h">
      <Filter>Scene</Filter>
    </ClInclude>
    <ClInclude Include="..\SeungHyeEngine_SOURCE\LoadResources.h" />
  </ItemGroup>
  <ItemGroup>
    <ClCompile Include="..\SeungHyeEngine_SOURCE\GamePlayer.cpp">
      <Filter>Contents</Filter>
    </ClCompile>
    <ClCompile Include="..\SeungHyeEngine_SOURCE\PlayerScript.cpp">
      <Filter>Script</Filter>
    </ClCompile>
    <ClCompile Include="..\SeungHyeEngine_SOURCE\LoadingScene.cpp">
      <Filter>Scene</Filter>
    </ClCompile>
    <ClCompile Include="..\SeungHyeEngine_SOURCE\PlayScene.cpp">
      <Filter>Scene</Filter>
    </ClCompile>
    <ClCompile Include="..\SeungHyeEngine_SOURCE\TitleScene.cpp">
      <Filter>Scene</Filter>
    </ClCompile>
    <ClCompile Include="..\SeungHyeEngine_SOURCE\LoadScene.cpp">
      <Filter>Scene</Filter>
    </ClCompile>
  </ItemGroup>
</Project>